
Microsoft Visual Studio Solution File, Format Version 12.00
# Visual Studio Version 17
VisualStudioVersion = 17.0.31903.59
MinimumVisualStudioVersion = 10.0.40219.1
Project("{FAE04EC0-301F-11D3-BF4B-00C04F79EFBC}") = "LogsParser", "LogsParser\LogsParser.csproj", "{5DD93BCC-44AC-4D42-BD7B-07873E941956}"
EndProject
Project("{FAE04EC0-301F-11D3-BF4B-00C04F79EFBC}") = "SemaphorSlim", "SemaphorSlim\SemaphorSlim.csproj", "{5E715DF2-B14C-47BB-B7AE-7A72242D18CF}"
EndProject
Project("{FAE04EC0-301F-11D3-BF4B-00C04F79EFBC}") = "CircuitBreaker", "CircuitBreaker\CircuitBreaker.csproj", "{5B25C1F4-835B-4F34-84C6-1D46F6578262}"
EndProject
Global
	GlobalSection(SolutionConfigurationPlatforms) = preSolution
		Debug|Any CPU = Debug|Any CPU
		Debug|x64 = Debug|x64
		Debug|x86 = Debug|x86
		Release|Any CPU = Release|Any CPU
		Release|x64 = Release|x64
		Release|x86 = Release|x86
	EndGlobalSection
	GlobalSection(ProjectConfigurationPlatforms) = postSolution
		{5DD93BCC-44AC-4D42-BD7B-07873E941956}.Debug|Any CPU.ActiveCfg = Debug|Any CPU
		{5DD93BCC-44AC-4D42-BD7B-07873E941956}.Debug|Any CPU.Build.0 = Debug|Any CPU
		{5DD93BCC-44AC-4D42-BD7B-07873E941956}.Debug|x64.ActiveCfg = Debug|Any CPU
		{5DD93BCC-44AC-4D42-BD7B-07873E941956}.Debug|x64.Build.0 = Debug|Any CPU
		{5DD93BCC-44AC-4D42-BD7B-07873E941956}.Debug|x86.ActiveCfg = Debug|Any CPU
		{5DD93BCC-44AC-4D42-BD7B-07873E941956}.Debug|x86.Build.0 = Debug|Any CPU
		{5DD93BCC-44AC-4D42-BD7B-07873E941956}.Release|Any CPU.ActiveCfg = Release|Any CPU
		{5DD93BCC-44AC-4D42-BD7B-07873E941956}.Release|Any CPU.Build.0 = Release|Any CPU
		{5DD93BCC-44AC-4D42-BD7B-07873E941956}.Release|x64.ActiveCfg = Release|Any CPU
		{5DD93BCC-44AC-4D42-BD7B-07873E941956}.Release|x64.Build.0 = Release|Any CPU
		{5DD93BCC-44AC-4D42-BD7B-07873E941956}.Release|x86.ActiveCfg = Release|Any CPU
		{5DD93BCC-44AC-4D42-BD7B-07873E941956}.Release|x86.Build.0 = Release|Any CPU
		{5E715DF2-B14C-47BB-B7AE-7A72242D18CF}.Debug|Any CPU.ActiveCfg = Debug|Any CPU
		{5E715DF2-B14C-47BB-B7AE-7A72242D18CF}.Debug|Any CPU.Build.0 = Debug|Any CPU
		{5E715DF2-B14C-47BB-B7AE-7A72242D18CF}.Debug|x64.ActiveCfg = Debug|Any CPU
		{5E715DF2-B14C-47BB-B7AE-7A72242D18CF}.Debug|x64.Build.0 = Debug|Any CPU
		{5E715DF2-B14C-47BB-B7AE-7A72242D18CF}.Debug|x86.ActiveCfg = Debug|Any CPU
		{5E715DF2-B14C-47BB-B7AE-7A72242D18CF}.Debug|x86.Build.0 = Debug|Any CPU
		{5E715DF2-B14C-47BB-B7AE-7A72242D18CF}.Release|Any CPU.ActiveCfg = Release|Any CPU
		{5E715DF2-B14C-47BB-B7AE-7A72242D18CF}.Release|Any CPU.Build.0 = Release|Any CPU
		{5E715DF2-B14C-47BB-B7AE-7A72242D18CF}.Release|x64.ActiveCfg = Release|Any CPU
		{5E715DF2-B14C-47BB-B7AE-7A72242D18CF}.Release|x64.Build.0 = Release|Any CPU
		{5E715DF2-B14C-47BB-B7AE-7A72242D18CF}.Release|x86.ActiveCfg = Release|Any CPU
		{5E715DF2-B14C-47BB-B7AE-7A72242D18CF}.Release|x86.Build.0 = Release|Any CPU
		{5B25C1F4-835B-4F34-84C6-1D46F6578262}.Debug|Any CPU.ActiveCfg = Debug|Any CPU
		{5B25C1F4-835B-4F34-84C6-1D46F6578262}.Debug|Any CPU.Build.0 = Debug|Any CPU
		{5B25C1F4-835B-4F34-84C6-1D46F6578262}.Debug|x64.ActiveCfg = Debug|Any CPU
		{5B25C1F4-835B-4F34-84C6-1D46F6578262}.Debug|x64.Build.0 = Debug|Any CPU
		{5B25C1F4-835B-4F34-84C6-1D46F6578262}.Debug|x86.ActiveCfg = Debug|Any CPU
		{5B25C1F4-835B-4F34-84C6-1D46F6578262}.Debug|x86.Build.0 = Debug|Any CPU
		{5B25C1F4-835B-4F34-84C6-1D46F6578262}.Release|Any CPU.ActiveCfg = Release|Any CPU
		{5B25C1F4-835B-4F34-84C6-1D46F6578262}.Release|Any CPU.Build.0 = Release|Any CPU
		{5B25C1F4-835B-4F34-84C6-1D46F6578262}.Release|x64.ActiveCfg = Release|Any CPU
		{5B25C1F4-835B-4F34-84C6-1D46F6578262}.Release|x64.Build.0 = Release|Any CPU
		{5B25C1F4-835B-4F34-84C6-1D46F6578262}.Release|x86.ActiveCfg = Release|Any CPU
		{5B25C1F4-835B-4F34-84C6-1D46F6578262}.Release|x86.Build.0 = Release|Any CPU
	EndGlobalSection
	GlobalSection(SolutionProperties) = preSolution
		HideSolutionNode = FALSE
	EndGlobalSection
EndGlobal
